# This file is generated by running "yarn install" inside your project.
# Manual changes might be lost - proceed with caution!

__metadata:
  version: 10
  cacheKey: 10c0

"@jest/types@npm:^26.6.2":
  version: 26.6.2
  resolution: "@jest/types@npm:26.6.2"
  dependencies:
    "@types/istanbul-lib-coverage": "npm:^2.0.0"
    "@types/istanbul-reports": "npm:^3.0.0"
    "@types/node": "npm:*"
    "@types/yargs": "npm:^15.0.0"
    chalk: "npm:^4.0.0"
  checksum: 10c0/5b9b957f38a002895eb04bbb8c3dda6fccce8e2551f3f44b02f1f43063a78e8bedce73cd4330b53ede00ae005de5cd805982fbb2ec6ab9feacf96344240d5db2
  languageName: node
  linkType: hard

"@pkg-nec/jest-silent-reporter@workspace:.":
  version: 0.0.0-use.local
  resolution: "@pkg-nec/jest-silent-reporter@workspace:."
  dependencies:
    chalk: "npm:^4.0.0"
    jest-util: "npm:^26.0.0"
    prettier: "npm:^1.10.2"
  languageName: unknown
  linkType: soft

"@types/istanbul-lib-coverage@npm:*, @types/istanbul-lib-coverage@npm:^2.0.0":
  version: 2.0.6
  resolution: "@types/istanbul-lib-coverage@npm:2.0.6"
  checksum: 10c0/3948088654f3eeb45363f1db158354fb013b362dba2a5c2c18c559484d5eb9f6fd85b23d66c0a7c2fcfab7308d0a585b14dadaca6cc8bf89ebfdc7f8f5102fb7
  languageName: node
  linkType: hard

"@types/istanbul-lib-report@npm:*":
  version: 3.0.3
  resolution: "@types/istanbul-lib-report@npm:3.0.3"
  dependencies:
    "@types/istanbul-lib-coverage": "npm:*"
  checksum: 10c0/247e477bbc1a77248f3c6de5dadaae85ff86ac2d76c5fc6ab1776f54512a745ff2a5f791d22b942e3990ddbd40f3ef5289317c4fca5741bedfaa4f01df89051c
  languageName: node
  linkType: hard

"@types/istanbul-reports@npm:^3.0.0":
  version: 3.0.4
  resolution: "@types/istanbul-reports@npm:3.0.4"
  dependencies:
    "@types/istanbul-lib-report": "npm:*"
  checksum: 10c0/1647fd402aced5b6edac87274af14ebd6b3a85447ef9ad11853a70fd92a98d35f81a5d3ea9fcb5dbb5834e800c6e35b64475e33fcae6bfa9acc70d61497c54ee
  languageName: node
  linkType: hard

"@types/node@npm:*":
  version: 26.2.0
  resolution: "@types/node@npm:26.2.0"
  dependencies:
    undici-types: "npm:~8.3.0"
  checksum: 10c0/f8566d88162241eb55a46f7e4ea097188eab0aaafefea7a58e63adab8c4144eb98c08b7911452c846104c339a0f82282f5e1ed4b26b578d60709614fe2843f4d
  languageName: node
  linkType: hard

"@types/yargs-parser@npm:*":
  version: 21.0.3
  resolution: "@types/yargs-parser@npm:21.0.3"
  checksum: 10c0/e71c3bd9d0b73ca82e10bee2064c384ab70f61034bbfb78e74f5206283fc16a6d85267b606b5c22cb2a3338373586786fed595b2009825d6a9115afba36560a0
  languageName: node
  linkType: hard

"@types/yargs@npm:^15.0.0":
  version: 15.0.20
  resolution: "@types/yargs@npm:15.0.20"
  dependencies:
    "@types/yargs-parser": "npm:*"
  checksum: 10c0/7578e333b8e3e60e96950fc3d90f75afa5f6612cbaa309813848a5bf198fd39bd6bf8d25f8fde7106c614686e24fd409403cc22166f5571c9fc1148fe147c0f5
  languageName: node
  linkType: hard

"ansi-styles@npm:^4.1.0":
  version: 4.3.0
  resolution: "ansi-styles@npm:4.3.0"
  dependencies:
    color-convert: "npm:^2.0.1"
  checksum: 10c0/895a23929da416f2bd3de7e9cb4eabd340949328ab85ddd6e484a637d8f6820d485f53933446f5291c3b760cbc488beb8e88573dd0f9c7daf83dccc8fe81b041
  languageName: node
  linkType: hard

"braces@npm:^3.0.3":
  version: 3.0.3
  resolution: "braces@npm:3.0.3"
  dependencies:
    fill-range: "npm:^7.1.1"
  checksum: 10c0/7c6dfd30c338d2997ba77500539227b9d1f85e388a5f43220865201e407e076783d0881f2d297b9f80951b4c957fcf0b51c1d2d24227631643c3f7c284b0aa04
  languageName: node
  linkType: hard

"chalk@npm:^4.0.0":
  version: 4.1.2
  resolution: "chalk@npm:4.1.2"
  dependencies:
    ansi-styles: "npm:^4.1.0"
    supports-color: "npm:^7.1.0"
  checksum: 10c0/4a3fef5cc34975c898ffe77141450f679721df9dde00f6c304353fa9c8b571929123b26a0e4617bde5018977eb655b31970c297b91b63ee83bb82aeb04666880
  languageName: node
  linkType: hard

"ci-info@npm:^2.0.0":
  version: 2.0.0
  resolution: "ci-info@npm:2.0.0"
  checksum: 10c0/8c5fa3830a2bcee2b53c2e5018226f0141db9ec9f7b1e27a5c57db5512332cde8a0beb769bcbaf0d8775a78afbf2bb841928feca4ea6219638a5b088f9884b46
  languageName: node
  linkType: hard

"color-convert@npm:^2.0.1":
  version: 2.0.1
  resolution: "color-convert@npm:2.0.1"
  dependencies:
    color-name: "npm:~1.1.4"
  checksum: 10c0/37e1150172f2e311fe1b2df62c6293a342ee7380da7b9cfdba67ea539909afbd74da27033208d01d6d5cfc65ee7868a22e18d7e7648e004425441c0f8a15a7d7
  languageName: node
  linkType: hard

"color-name@npm:~1.1.4":
  version: 1.1.4
  resolution: "color-name@npm:1.1.4"
  checksum: 10c0/a1a3f914156960902f46f7f56bc62effc6c94e84b2cae157a526b1c1f74b677a47ec602bf68a61abfa2b42d15b7c5651c6dbe72a43af720bc588dff885b10f95
  languageName: node
  linkType: hard

"fill-range@npm:^7.1.1":
  version: 7.1.1
  resolution: "fill-range@npm:7.1.1"
  dependencies:
    to-regex-range: "npm:^5.0.1"
  checksum: 10c0/b75b691bbe065472f38824f694c2f7449d7f5004aa950426a2c28f0306c60db9b880c0b0e4ed819997ffb882d1da02cfcfc819bddc94d71627f5269682edf018
  languageName: node
  linkType: hard

"graceful-fs@npm:^4.2.4":
  version: 4.2.11
  resolution: "graceful-fs@npm:4.2.11"
  checksum: 10c0/386d011a553e02bc594ac2ca0bd6d9e4c22d7fa8cfbfc448a6d148c59ea881b092db9dbe3547ae4b88e55f1b01f7c4a2ecc53b310c042793e63aa44cf6c257f2
  languageName: node
  linkType: hard

"has-flag@npm:^4.0.0":
  version: 4.0.0
  resolution: "has-flag@npm:4.0.0"
  checksum: 10c0/2e789c61b7888d66993e14e8331449e525ef42aac53c627cc53d1c3334e768bcb6abdc4f5f0de1478a25beec6f0bd62c7549058b7ac53e924040d4f301f02fd1
  languageName: node
  linkType: hard

"is-ci@npm:^2.0.0":
  version: 2.0.0
  resolution: "is-ci@npm:2.0.0"
  dependencies:
    ci-info: "npm:^2.0.0"
  bin:
    is-ci: bin.js
  checksum: 10c0/17de4e2cd8f993c56c86472dd53dd9e2c7f126d0ee55afe610557046cdd64de0e8feadbad476edc9eeff63b060523b8673d9094ed2ab294b59efb5a66dd05a9a
  languageName: node
  linkType: hard

"is-number@npm:^7.0.0":
  version: 7.0.0
  resolution: "is-number@npm:7.0.0"
  checksum: 10c0/b4686d0d3053146095ccd45346461bc8e53b80aeb7671cc52a4de02dbbf7dc0d1d2a986e2fe4ae206984b4d34ef37e8b795ebc4f4295c978373e6575e295d811
  languageName: node
  linkType: hard

"jest-util@npm:^26.0.0":
  version: 26.6.2
  resolution: "jest-util@npm:26.6.2"
  dependencies:
    "@jest/types": "npm:^26.6.2"
    "@types/node": "npm:*"
    chalk: "npm:^4.0.0"
    graceful-fs: "npm:^4.2.4"
    is-ci: "npm:^2.0.0"
    micromatch: "npm:^4.0.2"
  checksum: 10c0/ab93709840f87bdf478d082f5465467c27a20a422cbe456cc2a56961d8c950ea52511995fb6063f62a113737f3dd714b836a1fbde51abef96642a5975e835a01
  languageName: node
  linkType: hard

"micromatch@npm:^4.0.2":
  version: 4.0.8
  resolution: "micromatch@npm:4.0.8"
  dependencies:
    braces: "npm:^3.0.3"
    picomatch: "npm:^2.3.1"
  checksum: 10c0/166fa6eb926b9553f32ef81f5f531d27b4ce7da60e5baf8c021d043b27a388fb95e46a8038d5045877881e673f8134122b59624d5cecbd16eb50a42e7a6b5ca8
  languageName: node
  linkType: hard

"picomatch@npm:^2.3.1":
  version: 2.3.2
  resolution: "picomatch@npm:2.3.2"
  checksum: 10c0/a554d1709e59be97d1acb9eaedbbc700a5c03dbd4579807baed95100b00420bc729335440ef15004ae2378984e2487a7c1cebd743cfdb72b6fa9ab69223c0d61
  languageName: node
  linkType: hard

"prettier@npm:^1.10.2":
  version: 1.19.1
  resolution: "prettier@npm:1.19.1"
  bin:
    prettier: ./bin-prettier.js
  checksum: 10c0/12efb4e486c1e1d006e9eadd3b6585fc6beb9481dc801080fc23d3e75ec599d88c6fea1b40aef167128069e8fe76b4205bb8306ad145575d1b051b8fa70cfaae
  languageName: node
  linkType: hard

"supports-color@npm:^7.1.0":
  version: 7.2.0
  resolution: "supports-color@npm:7.2.0"
  dependencies:
    has-flag: "npm:^4.0.0"
  checksum: 10c0/afb4c88521b8b136b5f5f95160c98dee7243dc79d5432db7efc27efb219385bbc7d9427398e43dd6cc730a0f87d5085ce1652af7efbe391327bc0a7d0f7fc124
  languageName: node
  linkType: hard

"to-regex-range@npm:^5.0.1":
  version: 5.0.1
  resolution: "to-regex-range@npm:5.0.1"
  dependencies:
    is-number: "npm:^7.0.0"
  checksum: 10c0/487988b0a19c654ff3e1961b87f471702e708fa8a8dd02a298ef16da7206692e8552a0250e8b3e8759270f62e9d8314616f6da274734d3b558b1fc7b7724e892
  languageName: node
  linkType: hard

"undici-types@npm:~8.3.0":
  version: 8.3.0
  resolution: "undici-types@npm:8.3.0"
  checksum: 10c0/c8aa7e2fbebfce519654dafadc0ece59be888d2ccaf180fb4495da875e7b536d2456345c384069c7e6f3e9c9ab7435f074957da306f142343eee86ff8048855a
  languageName: node
  linkType: hard
